# Generated by build/split-spec.mjs from the bundled contract.
# Edit this file directly - it is source. Run `npm run build` to re-bundle.
type: string
description: An independently regenerable part of a SubTopic's content.
enum:
  - CONTENT
  - EXAMPLES
  - IMAGE
  - TEACHER_NOTES
  - COMMON_MISCONCEPTIONS
  - TEACHER_AIDS
